
Microsoft Visual Studio Solution File, Format Version 12.00
# Visual Studio Version 16
VisualStudioVersion = 16.0.31624.102
MinimumVisualStudioVersion = 10.0.40219.1
Project("{FAE04EC0-301F-11D3-BF4B-00C04F79EFBC}") = "MVCAK", "MVCAK.csproj", "{1A39D6F2-151F-4C2B-9718-90EDD9C17E00}"
EndProject
Global
	GlobalSection(SolutionConfigurationPlatforms) = preSolution
		Debug|Any CPU = Debug|Any CPU
		Release|Any CPU = Release|Any CPU
	EndGlobalSection
	GlobalSection(ProjectConfigurationPlatforms) = postSolution
		{1A39D6F2-151F-4C2B-9718-90EDD9C17E00}.Debug|Any CPU.ActiveCfg = Debug|Any CPU
		{1A39D6F2-151F-4C2B-9718-90EDD9C17E00}.Debug|Any CPU.Build.0 = Debug|Any CPU
		{1A39D6F2-151F-4C2B-9718-90EDD9C17E00}.Release|Any CPU.ActiveCfg = Release|Any CPU
		{1A39D6F2-151F-4C2B-9718-90EDD9C17E00}.Release|Any CPU.Build.0 = Release|Any CPU
	EndGlobalSection
	GlobalSection(SolutionProperties) = preSolution
		HideSolutionNode = FALSE
	EndGlobalSection
	GlobalSection(ExtensibilityGlobals) = postSolution
		SolutionGuid = {818BCB98-D878-4F2D-8951-F883F88C9E26}
	EndGlobalSection
EndGlobal
